
Microsoft Visual Studio Solution File, Format Version 12.00
# Visual Studio Version 17
VisualStudioVersion = 17.11.35312.102
MinimumVisualStudioVersion = 10.0.40219.1
Project("{FAE04EC0-301F-11D3-BF4B-00C04F79EFBC}") = "Lab4_5prog", "Lab4_5prog.csproj", "{02D25878-2C90-4ACB-B51B-540C03486E4D}"
EndProject
Global
	GlobalSection(SolutionConfigurationPlatforms) = preSolution
		Debug|Any CPU = Debug|Any CPU
		Release|Any CPU = Release|Any CPU
	EndGlobalSection
	GlobalSection(ProjectConfigurationPlatforms) = postSolution
		{02D25878-2C90-4ACB-B51B-540C03486E4D}.Debug|Any CPU.ActiveCfg = Debug|Any CPU
		{02D25878-2C90-4ACB-B51B-540C03486E4D}.Debug|Any CPU.Build.0 = Debug|Any CPU
		{02D25878-2C90-4ACB-B51B-540C03486E4D}.Release|Any CPU.ActiveCfg = Release|Any CPU
		{02D25878-2C90-4ACB-B51B-540C03486E4D}.Release|Any CPU.Build.0 = Release|Any CPU
	EndGlobalSection
	GlobalSection(SolutionProperties) = preSolution
		HideSolutionNode = FALSE
	EndGlobalSection
	GlobalSection(ExtensibilityGlobals) = postSolution
		SolutionGuid = {DAB781C9-A984-4C74-B542-B7FF1D119DAA}
	EndGlobalSection
EndGlobal
